<Solution>
  <Project Path="src/CasualtiesUnknownOnline.Abstractions/CasualtiesUnknownOnline.Abstractions.csproj" />
  <Project Path="src/CasualtiesUnknownOnline.Runtime/CasualtiesUnknownOnline.Runtime.csproj" />
  <Project Path="src/CasualtiesUnknownOnline.Protocol/CasualtiesUnknownOnline.Protocol.csproj" />
  <Project Path="src/CasualtiesUnknownOnline.GameState/CasualtiesUnknownOnline.GameState.csproj" />
  <Project Path="src/CasualtiesUnknownOnline.GameAdapter/CasualtiesUnknownOnline.GameAdapter.csproj" />
  <Project Path="src/CasualtiesUnknownOnline.Plugin/CasualtiesUnknownOnline.Plugin.csproj" />
  <Project Path="src/CasualtiesUnknownOnline.ModExample/CasualtiesUnknownOnline.ModExample.csproj" />
  <Project Path="tests/CasualtiesUnknownOnline.Tests/CasualtiesUnknownOnline.Tests.csproj" />
  <Project Path="tests/CasualtiesUnknownOnline.NormativeGates.Tests/CasualtiesUnknownOnline.NormativeGates.Tests.csproj" />
</Solution>
