<Solution>
  <Project Path="src/CasualtiesUnknownOnline.Abstractions/CasualtiesUnknownOnline.Abstractions.csproj" />
  <Project Path="src/CasualtiesUnknownOnline.Runtime/CasualtiesUnknownOnline.Runtime.csproj" />
  <Project Path="src/CasualtiesUnknownOnline.GameAdapter/CasualtiesUnknownOnline.GameAdapter.csproj" />
  <Project Path="src/CasualtiesUnknownOnline.Plugin/CasualtiesUnknownOnline.Plugin.csproj" />
  <Project Path="tests/CasualtiesUnknownOnline.Tests/CasualtiesUnknownOnline.Tests.csproj" />
</Solution>
